
Microsoft Visual Studio Solution File, Format Version 12.00
# Visual Studio Version 16
VisualStudioVersion = 16.0.30611.23
MinimumVisualStudioVersion = 10.0.40219.1
Project("{9A19103F-16F7-4668-BE54-9A1E7A4F7556}") = "Dacpac.Util", "src\Dacpac.Util\Dacpac.Util.csproj", "{83861469-6C60-4614-B4EA-B3658EF54D39}"
EndProject
Project("{2150E333-8FDC-42A3-9474-1A3956D46DE8}") = "src", "src", "{645CD05A-00AF-48F9-B771-0AB762A64EDC}"
EndProject
Project("{2150E333-8FDC-42A3-9474-1A3956D46DE8}") = "ci", "ci", "{48246214-AE96-45AE-B211-16F9B1D5699E}"
	ProjectSection(SolutionItems) = preProject
		build.bat = build.bat
		build.properties = build.properties
		build.sh = build.sh
		configure-build.ps1 = configure-build.ps1
		default.ps1 = default.ps1
		.github\workflows\pipeline.yml = .github\workflows\pipeline.yml
	EndProjectSection
EndProject
Project("{2150E333-8FDC-42A3-9474-1A3956D46DE8}") = "common", "common", "{79EA32EE-4576-41A1-8C8B-DD8ACF06676E}"
	ProjectSection(SolutionItems) = preProject
		.gitattributes = .gitattributes
		.gitignore = .gitignore
		README.md = README.md
	EndProjectSection
EndProject
Project("{FAE04EC0-301F-11D3-BF4B-00C04F79EFBC}") = "Dacpac.Util.Tests", "src\Dacpac.Util.Tests\Dacpac.Util.Tests.csproj", "{DB39B413-2592-426D-96F1-575AD40D64CE}"
EndProject
Global
	GlobalSection(SolutionConfigurationPlatforms) = preSolution
		Debug|Any CPU = Debug|Any CPU
		Release|Any CPU = Release|Any CPU
	EndGlobalSection
	GlobalSection(ProjectConfigurationPlatforms) = postSolution
		{83861469-6C60-4614-B4EA-B3658EF54D39}.Debug|Any CPU.ActiveCfg = Debug|Any CPU
		{83861469-6C60-4614-B4EA-B3658EF54D39}.Debug|Any CPU.Build.0 = Debug|Any CPU
		{83861469-6C60-4614-B4EA-B3658EF54D39}.Release|Any CPU.ActiveCfg = Release|Any CPU
		{83861469-6C60-4614-B4EA-B3658EF54D39}.Release|Any CPU.Build.0 = Release|Any CPU
		{DB39B413-2592-426D-96F1-575AD40D64CE}.Debug|Any CPU.ActiveCfg = Debug|Any CPU
		{DB39B413-2592-426D-96F1-575AD40D64CE}.Debug|Any CPU.Build.0 = Debug|Any CPU
		{DB39B413-2592-426D-96F1-575AD40D64CE}.Release|Any CPU.ActiveCfg = Release|Any CPU
		{DB39B413-2592-426D-96F1-575AD40D64CE}.Release|Any CPU.Build.0 = Release|Any CPU
	EndGlobalSection
	GlobalSection(SolutionProperties) = preSolution
		HideSolutionNode = FALSE
	EndGlobalSection
	GlobalSection(NestedProjects) = preSolution
		{83861469-6C60-4614-B4EA-B3658EF54D39} = {645CD05A-00AF-48F9-B771-0AB762A64EDC}
		{DB39B413-2592-426D-96F1-575AD40D64CE} = {645CD05A-00AF-48F9-B771-0AB762A64EDC}
	EndGlobalSection
	GlobalSection(ExtensibilityGlobals) = postSolution
		SolutionGuid = {7C1F1E3A-1F82-4E10-99D1-F5264B9854F1}
	EndGlobalSection
EndGlobal
